{
  "name": "angular-jodit",
  "version": "0.0.1",
  "lockfileVersion": 3,
  "requires": true,
  "packages": {
    "": {
      "name": "angular-jodit",
      "version": "0.0.1",
      "dependencies": {
        "tslib": "^2.3.0"
      },
      "peerDependencies": {
        "@angular/common": "^17.0.0",
        "@angular/core": "^17.0.0",
        "jodit": "^4.0.0-beta.111"
      }
    },
    "node_modules/@angular/common": {
      "version": "17.0.6",
      "resolved": "https://registry.npmjs.org/@angular/common/-/common-17.0.6.tgz",
      "integrity": "sha512-FZtf8ol8W2V21ZDgFtcxmJ6JJKUO97QZ+wr/bosyYEryWMmn6VGrbOARhfW7BlrEgn14NdFkLb72KKtqoqRjrg==",
      "peer": true,
      "dependencies": {
        "tslib": "^2.3.0"
      },
      "engines": {
        "node": "^18.13.0 || >=20.9.0"
      },
      "peerDependencies": {
        "@angular/core": "17.0.6",
        "rxjs": "^6.5.3 || ^7.4.0"
      }
    },
    "node_modules/@angular/core": {
      "version": "17.0.6",
      "resolved": "https://registry.npmjs.org/@angular/core/-/core-17.0.6.tgz",
      "integrity": "sha512-QzfKRTDNgGOY9D5VxenUUz20cvPVC+uVw9xiqkDuHgGfLYVFlCAK9ymFYkdUCLTcVzJPxckP+spMpPX8nc4Aqw==",
      "peer": true,
      "dependencies": {
        "tslib": "^2.3.0"
      },
      "engines": {
        "node": "^18.13.0 || >=20.9.0"
      },
      "peerDependencies": {
        "rxjs": "^6.5.3 || ^7.4.0",
        "zone.js": "~0.14.0"
      }
    },
    "node_modules/autobind-decorator": {
      "version": "2.4.0",
      "resolved": "https://registry.npmjs.org/autobind-decorator/-/autobind-decorator-2.4.0.tgz",
      "integrity": "sha512-OGYhWUO72V6DafbF8PM8rm3EPbfuyMZcJhtm5/n26IDwO18pohE4eNazLoCGhPiXOCD0gEGmrbU3849QvM8bbw==",
      "peer": true,
      "engines": {
        "node": ">=8.10",
        "npm": ">=6.4.1"
      }
    },
    "node_modules/jodit": {
      "version": "4.0.0-beta.117",
      "resolved": "https://registry.npmjs.org/jodit/-/jodit-4.0.0-beta.117.tgz",
      "integrity": "sha512-Tyiq3TFJNwxbo9AjjHFkBRYFBp4GfDofmCHmz/+S9GttZC5oLLtlLHOaF5msOKKkXG8Dh5CezbRjgGkvd60Ziw==",
      "peer": true,
      "dependencies": {
        "autobind-decorator": "^2.4.0"
      }
    },
    "node_modules/rxjs": {
      "version": "7.8.1",
      "resolved": "https://registry.npmjs.org/rxjs/-/rxjs-7.8.1.tgz",
      "integrity": "sha512-AA3TVj+0A2iuIoQkWEK/tqFjBq2j+6PO6Y0zJcvzLAFhEFIO3HL0vls9hWLncZbAAbK0mar7oZ4V079I/qPMxg==",
      "peer": true,
      "dependencies": {
        "tslib": "^2.1.0"
      }
    },
    "node_modules/tslib": {
      "version": "2.6.2",
      "resolved": "https://registry.npmjs.org/tslib/-/tslib-2.6.2.tgz",
      "integrity": "sha512-AEYxH93jGFPn/a2iVAwW87VuUIkR1FVUKB77NwMF7nBTDkDrrT/Hpt/IrCJ0QXhW27jTBDcf5ZY7w6RiqTMw2Q=="
    },
    "node_modules/zone.js": {
      "version": "0.14.2",
      "resolved": "https://registry.npmjs.org/zone.js/-/zone.js-0.14.2.tgz",
      "integrity": "sha512-X4U7J1isDhoOmHmFWiLhloWc2lzMkdnumtfQ1LXzf/IOZp5NQYuMUTaviVzG/q1ugMBIXzin2AqeVJUoSEkNyQ==",
      "peer": true,
      "dependencies": {
        "tslib": "^2.3.0"
      }
    }
  }
}
